{
  "nodes": {
    "dfinity-sdk": {
      "flake": false,
      "locked": {
        "lastModified": 1646148919,
        "narHash": "sha256-IklA+lDgK67wovqsFLaPpRms8NiI6MGC5c+lZKvPXIs=",
        "owner": "paulyoung",
        "repo": "nixpkgs-dfinity-sdk",
        "rev": "03c839ae9ccc11415ef9f75b363724a3f7ccd4e0",
        "type": "github"
      },
      "original": {
        "owner": "paulyoung",
        "repo": "nixpkgs-dfinity-sdk",
        "type": "github"
      }
    },
    "flake-utils": {
      "locked": {
        "lastModified": 1642700792,
        "narHash": "sha256-XqHrk7hFb+zBvRg6Ghl+AZDq03ov6OshJLiSWOoX5es=",
        "owner": "numtide",
        "repo": "flake-utils",
        "rev": "846b2ae0fc4cc943637d3d1def4454213e203cba",
        "type": "github"
      },
      "original": {
        "owner": "numtide",
        "repo": "flake-utils",
        "type": "github"
      }
    },
    "naersk": {
      "inputs": {
        "nixpkgs": "nixpkgs"
      },
      "locked": {
        "lastModified": 1639947939,
        "narHash": "sha256-pGsM8haJadVP80GFq4xhnSpNitYNQpaXk4cnA796Cso=",
        "owner": "nix-community",
        "repo": "naersk",
        "rev": "2fc8ce9d3c025d59fee349c1f80be9785049d653",
        "type": "github"
      },
      "original": {
        "owner": "nix-community",
        "repo": "naersk",
        "type": "github"
      }
    },
    "nixpkgs": {
      "locked": {
        "lastModified": 1643060704,
        "narHash": "sha256-nxJiSJunAdjQXCTsnFbNjlm+sGCPigyNzz1+1rsLDAQ=",
        "owner": "NixOS",
        "repo": "nixpkgs",
        "rev": "68eafd0937d33eda3a88389345da6bb32f2a6d3b",
        "type": "github"
      },
      "original": {
        "id": "nixpkgs",
        "type": "indirect"
      }
    },
    "nixpkgs-mozilla": {
      "locked": {
        "lastModified": 1645464064,
        "narHash": "sha256-YeN4bpPvHkVOpQzb8APTAfE7/R+MFMwJUMkqmfvytSk=",
        "owner": "mozilla",
        "repo": "nixpkgs-mozilla",
        "rev": "15b7a05f20aab51c4ffbefddb1b448e862dccb7d",
        "type": "github"
      },
      "original": {
        "owner": "mozilla",
        "repo": "nixpkgs-mozilla",
        "type": "github"
      }
    },
    "nixpkgs_2": {
      "locked": {
        "lastModified": 1638239011,
        "narHash": "sha256-AjhmbT4UBlJWqxY0ea8a6GU2C2HdKUREkG43oRr3TZg=",
        "owner": "nixos",
        "repo": "nixpkgs",
        "rev": "a7ecde854aee5c4c7cd6177f54a99d2c1ff28a31",
        "type": "github"
      },
      "original": {
        "owner": "nixos",
        "ref": "21.11",
        "repo": "nixpkgs",
        "type": "github"
      }
    },
    "root": {
      "inputs": {
        "dfinity-sdk": "dfinity-sdk",
        "flake-utils": "flake-utils",
        "naersk": "naersk",
        "nixpkgs": "nixpkgs_2",
        "nixpkgs-mozilla": "nixpkgs-mozilla"
      }
    }
  },
  "root": "root",
  "version": 7
}
