{
  "nodes": {
    "dfinity-sdk": {
      "flake": false,
      "locked": {
        "lastModified": 1648083746,
        "narHash": "sha256-PcEYxcSboHTVOhiAQQaLqhsdAvvKvhhlukHGTo0t+i8=",
        "owner": "paulyoung",
        "repo": "nixpkgs-dfinity-sdk",
        "rev": "0f9aba5fefcf0856e7da6d46b2a61806f59b0d94",
        "type": "github"
      },
      "original": {
        "owner": "paulyoung",
        "repo": "nixpkgs-dfinity-sdk",
        "type": "github"
      }
    },
    "flake-utils": {
      "locked": {
        "lastModified": 1642700792,
        "narHash": "sha256-XqHrk7hFb+zBvRg6Ghl+AZDq03ov6OshJLiSWOoX5es=",
        "owner": "numtide",
        "repo": "flake-utils",
        "rev": "846b2ae0fc4cc943637d3d1def4454213e203cba",
        "type": "github"
      },
      "original": {
        "owner": "numtide",
        "repo": "flake-utils",
        "type": "github"
      }
    },
    "ic-repl-src": {
      "flake": false,
      "locked": {
        "lastModified": 1645812852,
        "narHash": "sha256-roC87vZmzwiC8q8DZBcN2g+GNXdaccWl60LHLTh8uM8=",
        "owner": "chenyan2002",
        "repo": "ic-repl",
        "rev": "41b561942281533f67299e485c4763f3ce91f787",
        "type": "github"
      },
      "original": {
        "owner": "chenyan2002",
        "repo": "ic-repl",
        "type": "github"
      }
    },
    "naersk": {
      "inputs": {
        "nixpkgs": "nixpkgs"
      },
      "locked": {
        "lastModified": 1641890987,
        "narHash": "sha256-CJOAOlk7mZlBVvUiv9q8SYkK0rjY0UmkWedMI0eajWE=",
        "owner": "mhuesch",
        "repo": "naersk",
        "rev": "193e049d6e4c841faf800e302551d2e0a48eee88",
        "type": "github"
      },
      "original": {
        "owner": "mhuesch",
        "repo": "naersk",
        "rev": "193e049d6e4c841faf800e302551d2e0a48eee88",
        "type": "github"
      }
    },
    "nixpkgs": {
      "locked": {
        "lastModified": 1643060704,
        "narHash": "sha256-nxJiSJunAdjQXCTsnFbNjlm+sGCPigyNzz1+1rsLDAQ=",
        "owner": "NixOS",
        "repo": "nixpkgs",
        "rev": "68eafd0937d33eda3a88389345da6bb32f2a6d3b",
        "type": "github"
      },
      "original": {
        "id": "nixpkgs",
        "type": "indirect"
      }
    },
    "nixpkgs-mozilla": {
      "locked": {
        "lastModified": 1645464064,
        "narHash": "sha256-YeN4bpPvHkVOpQzb8APTAfE7/R+MFMwJUMkqmfvytSk=",
        "owner": "mozilla",
        "repo": "nixpkgs-mozilla",
        "rev": "15b7a05f20aab51c4ffbefddb1b448e862dccb7d",
        "type": "github"
      },
      "original": {
        "owner": "mozilla",
        "repo": "nixpkgs-mozilla",
        "type": "github"
      }
    },
    "nixpkgs_2": {
      "locked": {
        "lastModified": 1638239011,
        "narHash": "sha256-AjhmbT4UBlJWqxY0ea8a6GU2C2HdKUREkG43oRr3TZg=",
        "owner": "nixos",
        "repo": "nixpkgs",
        "rev": "a7ecde854aee5c4c7cd6177f54a99d2c1ff28a31",
        "type": "github"
      },
      "original": {
        "owner": "nixos",
        "ref": "21.11",
        "repo": "nixpkgs",
        "type": "github"
      }
    },
    "root": {
      "inputs": {
        "dfinity-sdk": "dfinity-sdk",
        "flake-utils": "flake-utils",
        "ic-repl-src": "ic-repl-src",
        "naersk": "naersk",
        "nixpkgs": "nixpkgs_2",
        "nixpkgs-mozilla": "nixpkgs-mozilla"
      }
    }
  },
  "root": "root",
  "version": 7
}
